
Microsoft Visual Studio Solution File, Format Version 12.00
# Visual Studio 2013
VisualStudioVersion = 12.0.21005.1
MinimumVisualStudioVersion = 10.0.40219.1
Project("{2150E333-8FDC-42A3-9474-1A3956D46DE8}") = "Infrastructure", "Infrastructure", "{2FAF5677-BBB6-43BD-9D9C-59A27A1E9E62}"
EndProject
Project("{FAE04EC0-301F-11D3-BF4B-00C04F79EFBC}") = "DDit.Component.Data", "DDit.Component.Data\DDit.Component.Data.csproj", "{2E220109-C09A-4B17-A87E-A2B00D995E6A}"
EndProject
Project("{2150E333-8FDC-42A3-9474-1A3956D46DE8}") = "Core", "Core", "{6159B9C4-39ED-46A2-9A1B-C41811F0430B}"
EndProject
Project("{FAE04EC0-301F-11D3-BF4B-00C04F79EFBC}") = "DDit.Core.Data", "DDit.Core.Data\DDit.Core.Data.csproj", "{3573DE28-C3A3-46F8-AA20-719133E1AB85}"
EndProject
Project("{FAE04EC0-301F-11D3-BF4B-00C04F79EFBC}") = "DDit.Core.Data.Repository", "DDit.Core.Data.Repository\DDit.Core.Data.Repository.csproj", "{92F69F14-D13F-4C4F-8207-8BD7575B26E4}"
EndProject
Project("{FAE04EC0-301F-11D3-BF4B-00C04F79EFBC}") = "DDit.Component.Tools", "DDit.Component.Tools\DDit.Component.Tools.csproj", "{E9D4FF04-3386-479C-AE09-294477F6A7D3}"
EndProject
Project("{FAE04EC0-301F-11D3-BF4B-00C04F79EFBC}") = "DDitApplicationFrame", "DDitApplicationFrame\DDitApplicationFrame.csproj", "{B78A4176-58EA-462B-8DA2-447F54735034}"
EndProject
Global
	GlobalSection(SolutionConfigurationPlatforms) = preSolution
		Debug|Any CPU = Debug|Any CPU
		Release|Any CPU = Release|Any CPU
	EndGlobalSection
	GlobalSection(ProjectConfigurationPlatforms) = postSolution
		{2E220109-C09A-4B17-A87E-A2B00D995E6A}.Debug|Any CPU.ActiveCfg = Debug|Any CPU
		{2E220109-C09A-4B17-A87E-A2B00D995E6A}.Debug|Any CPU.Build.0 = Debug|Any CPU
		{2E220109-C09A-4B17-A87E-A2B00D995E6A}.Release|Any CPU.ActiveCfg = Release|Any CPU
		{2E220109-C09A-4B17-A87E-A2B00D995E6A}.Release|Any CPU.Build.0 = Release|Any CPU
		{3573DE28-C3A3-46F8-AA20-719133E1AB85}.Debug|Any CPU.ActiveCfg = Debug|Any CPU
		{3573DE28-C3A3-46F8-AA20-719133E1AB85}.Debug|Any CPU.Build.0 = Debug|Any CPU
		{3573DE28-C3A3-46F8-AA20-719133E1AB85}.Release|Any CPU.ActiveCfg = Release|Any CPU
		{3573DE28-C3A3-46F8-AA20-719133E1AB85}.Release|Any CPU.Build.0 = Release|Any CPU
		{92F69F14-D13F-4C4F-8207-8BD7575B26E4}.Debug|Any CPU.ActiveCfg = Debug|Any CPU
		{92F69F14-D13F-4C4F-8207-8BD7575B26E4}.Debug|Any CPU.Build.0 = Debug|Any CPU
		{92F69F14-D13F-4C4F-8207-8BD7575B26E4}.Release|Any CPU.ActiveCfg = Release|Any CPU
		{92F69F14-D13F-4C4F-8207-8BD7575B26E4}.Release|Any CPU.Build.0 = Release|Any CPU
		{E9D4FF04-3386-479C-AE09-294477F6A7D3}.Debug|Any CPU.ActiveCfg = Debug|Any CPU
		{E9D4FF04-3386-479C-AE09-294477F6A7D3}.Debug|Any CPU.Build.0 = Debug|Any CPU
		{E9D4FF04-3386-479C-AE09-294477F6A7D3}.Release|Any CPU.ActiveCfg = Release|Any CPU
		{E9D4FF04-3386-479C-AE09-294477F6A7D3}.Release|Any CPU.Build.0 = Release|Any CPU
		{B78A4176-58EA-462B-8DA2-447F54735034}.Debug|Any CPU.ActiveCfg = Debug|Any CPU
		{B78A4176-58EA-462B-8DA2-447F54735034}.Debug|Any CPU.Build.0 = Debug|Any CPU
		{B78A4176-58EA-462B-8DA2-447F54735034}.Release|Any CPU.ActiveCfg = Release|Any CPU
		{B78A4176-58EA-462B-8DA2-447F54735034}.Release|Any CPU.Build.0 = Release|Any CPU
	EndGlobalSection
	GlobalSection(SolutionProperties) = preSolution
		HideSolutionNode = FALSE
	EndGlobalSection
	GlobalSection(NestedProjects) = preSolution
		{2E220109-C09A-4B17-A87E-A2B00D995E6A} = {2FAF5677-BBB6-43BD-9D9C-59A27A1E9E62}
		{E9D4FF04-3386-479C-AE09-294477F6A7D3} = {2FAF5677-BBB6-43BD-9D9C-59A27A1E9E62}
		{3573DE28-C3A3-46F8-AA20-719133E1AB85} = {6159B9C4-39ED-46A2-9A1B-C41811F0430B}
		{92F69F14-D13F-4C4F-8207-8BD7575B26E4} = {6159B9C4-39ED-46A2-9A1B-C41811F0430B}
	EndGlobalSection
EndGlobal
